
Microsoft Visual Studio Solution File, Format Version 12.00
# Visual Studio 15
VisualStudioVersion = 15.0.26730.12
MinimumVisualStudioVersion = 10.0.40219.1
Project("{FAE04EC0-301F-11D3-BF4B-00C04F79EFBC}") = "BookStoreSharepointAddIn", "BookStoreSharepointAddIn\BookStoreSharepointAddIn.csproj", "{774CF4F1-60A6-420C-8215-E6F66709FE7A}"
EndProject
Global
	GlobalSection(SolutionConfigurationPlatforms) = preSolution
		Debug|Any CPU = Debug|Any CPU
		Release|Any CPU = Release|Any CPU
	EndGlobalSection
	GlobalSection(ProjectConfigurationPlatforms) = postSolution
		{774CF4F1-60A6-420C-8215-E6F66709FE7A}.Debug|Any CPU.ActiveCfg = Debug|Any CPU
		{774CF4F1-60A6-420C-8215-E6F66709FE7A}.Debug|Any CPU.Build.0 = Debug|Any CPU
		{774CF4F1-60A6-420C-8215-E6F66709FE7A}.Debug|Any CPU.Deploy.0 = Debug|Any CPU
		{774CF4F1-60A6-420C-8215-E6F66709FE7A}.Release|Any CPU.ActiveCfg = Release|Any CPU
		{774CF4F1-60A6-420C-8215-E6F66709FE7A}.Release|Any CPU.Build.0 = Release|Any CPU
		{774CF4F1-60A6-420C-8215-E6F66709FE7A}.Release|Any CPU.Deploy.0 = Release|Any CPU
	EndGlobalSection
	GlobalSection(SolutionProperties) = preSolution
		HideSolutionNode = FALSE
	EndGlobalSection
	GlobalSection(ExtensibilityGlobals) = postSolution
		SolutionGuid = {64939A09-5C9F-4047-B79B-3898B4D27FC0}
	EndGlobalSection
EndGlobal
